{
  "name": "@msansoni/runner-environment-action",
  "version": "1.0.0",
  "lockfileVersion": 1,
  "requires": true,
  "dependencies": {
    "@actions/core": {
      "version": "1.2.6",
      "resolved": "https://registry.npmjs.org/@actions/core/-/core-1.2.6.tgz",
      "integrity": "sha512-ZQYitnqiyBc3D+k7LsgSBmMDVkOVidaagDG7j3fOym77jNunWRuYx7VSHa9GNfFZh+zh61xsCjRj4JxMZlDqTA=="
    },
    "linux-os-info": {
      "version": "2.0.0",
      "resolved": "https://registry.npmjs.org/linux-os-info/-/linux-os-info-2.0.0.tgz",
      "integrity": "sha512-ZopyH4kT2Ehnmix8iUgS/41pfv7fSlUV1JukIn3DB3qD3byvhBNtgCbUApoAtiqcHRLKXCY3zakXlJgiExm2Qg=="
    },
    "macos-release": {
      "version": "2.4.1",
      "resolved": "https://registry.npmjs.org/macos-release/-/macos-release-2.4.1.tgz",
      "integrity": "sha512-H/QHeBIN1fIGJX517pvK8IEK53yQOW7YcEI55oYtgjDdoCQQz7eJS94qt5kNrscReEyuD/JcdFCm2XBEcGOITg=="
    },
    "win-release-id": {
      "version": "1.0.4",
      "resolved": "https://registry.npmjs.org/win-release-id/-/win-release-id-1.0.4.tgz",
      "integrity": "sha512-AyYRdWaX/Y+xQ4MGiaIswJUZM6kYrJGkC70UWDyM6cmAyW6chFmh1ocgr42I0ydTjH1P78vQQG+nFib/qR9QCA=="
    },
    "win-version": {
      "version": "1.0.2",
      "resolved": "https://registry.npmjs.org/win-version/-/win-version-1.0.2.tgz",
      "integrity": "sha512-1OkeC4f69uNFL87vnGWYPSHXByfP/7isWAxykMKL+0SY3volD1ma/ehpdnNWb0yyjECRG0yHgMeJ4vJIJMybjA==",
      "requires": {
        "win-release-id": "^1.0.4"
      }
    }
  }
}
