{
  "name": "@msansoni/runner-environment-action",
  "version": "1.0.0",
  "lockfileVersion": 1,
  "requires": true,
  "dependencies": {
    "@actions/core": {
      "version": "1.2.3",
      "resolved": "https://registry.npmjs.org/@actions/core/-/core-1.2.3.tgz",
      "integrity": "sha512-Wp4xnyokakM45Uuj4WLUxdsa8fJjKVl1fDTsPbTEcTcuu0Nb26IPQbOtjmnfaCPGcaoPOOqId8H9NapZ8gii4w=="
    },
    "macos-release": {
      "version": "2.4.1",
      "resolved": "https://registry.npmjs.org/macos-release/-/macos-release-2.4.1.tgz",
      "integrity": "sha512-H/QHeBIN1fIGJX517pvK8IEK53yQOW7YcEI55oYtgjDdoCQQz7eJS94qt5kNrscReEyuD/JcdFCm2XBEcGOITg=="
    }
  }
}
